
Microsoft Visual Studio Solution File, Format Version 12.00
# Visual Studio 15
VisualStudioVersion = 15.0.27703.2042
MinimumVisualStudioVersion = 10.0.40219.1
Project("{FAE04EC0-301F-11D3-BF4B-00C04F79EFBC}") = "mvcPractice", "mvcPractice\mvcPractice.csproj", "{06448E3E-D345-4349-9DD0-4CED7072A087}"
EndProject
Global
	GlobalSection(SolutionConfigurationPlatforms) = preSolution
		Debug|Any CPU = Debug|Any CPU
		Release|Any CPU = Release|Any CPU
	EndGlobalSection
	GlobalSection(ProjectConfigurationPlatforms) = postSolution
		{06448E3E-D345-4349-9DD0-4CED7072A087}.Debug|Any CPU.ActiveCfg = Debug|Any CPU
		{06448E3E-D345-4349-9DD0-4CED7072A087}.Debug|Any CPU.Build.0 = Debug|Any CPU
		{06448E3E-D345-4349-9DD0-4CED7072A087}.Release|Any CPU.ActiveCfg = Release|Any CPU
		{06448E3E-D345-4349-9DD0-4CED7072A087}.Release|Any CPU.Build.0 = Release|Any CPU
	EndGlobalSection
	GlobalSection(SolutionProperties) = preSolution
		HideSolutionNode = FALSE
	EndGlobalSection
	GlobalSection(ExtensibilityGlobals) = postSolution
		SolutionGuid = {2D73EF8C-F709-407E-9935-DE218F8B91F1}
	EndGlobalSection
EndGlobal
